
Microsoft Visual Studio Solution File, Format Version 12.00
# Visual Studio Version 16
VisualStudioVersion = 16.0.30413.136
MinimumVisualStudioVersion = 10.0.40219.1
Project("{FAE04EC0-301F-11D3-BF4B-00C04F79EFBC}") = "NoteBook", "NoteBook\NoteBook.csproj", "{433BFA22-97D2-4D65-85F9-D8067FFA77FB}"
EndProject
Project("{FAE04EC0-301F-11D3-BF4B-00C04F79EFBC}") = "Logic", "Logic\Logic.csproj", "{8BD0331D-C96C-45EF-82F6-A7BB501B1E04}"
EndProject
Project("{9A19103F-16F7-4668-BE54-9A1E7A4F7556}") = "TestLogic", "TestLogic\TestLogic.csproj", "{20D4C856-6B6B-4936-B77F-F2F866FCA87B}"
EndProject
Project("{FAE04EC0-301F-11D3-BF4B-00C04F79EFBC}") = "Storage", "Storage\Storage.csproj", "{DD92C30B-DCAC-4D29-B72D-A2900559AE5B}"
EndProject
Project("{FAE04EC0-301F-11D3-BF4B-00C04F79EFBC}") = "TestStorage", "TestStorage\TestStorage.csproj", "{45F330DA-86D8-4D10-8298-9846DF524514}"
EndProject
Global
	GlobalSection(SolutionConfigurationPlatforms) = preSolution
		Debug|Any CPU = Debug|Any CPU
		Release|Any CPU = Release|Any CPU
	EndGlobalSection
	GlobalSection(ProjectConfigurationPlatforms) = postSolution
		{433BFA22-97D2-4D65-85F9-D8067FFA77FB}.Debug|Any CPU.ActiveCfg = Debug|Any CPU
		{433BFA22-97D2-4D65-85F9-D8067FFA77FB}.Debug|Any CPU.Build.0 = Debug|Any CPU
		{433BFA22-97D2-4D65-85F9-D8067FFA77FB}.Release|Any CPU.ActiveCfg = Release|Any CPU
		{433BFA22-97D2-4D65-85F9-D8067FFA77FB}.Release|Any CPU.Build.0 = Release|Any CPU
		{8BD0331D-C96C-45EF-82F6-A7BB501B1E04}.Debug|Any CPU.ActiveCfg = Debug|Any CPU
		{8BD0331D-C96C-45EF-82F6-A7BB501B1E04}.Debug|Any CPU.Build.0 = Debug|Any CPU
		{8BD0331D-C96C-45EF-82F6-A7BB501B1E04}.Release|Any CPU.ActiveCfg = Release|Any CPU
		{8BD0331D-C96C-45EF-82F6-A7BB501B1E04}.Release|Any CPU.Build.0 = Release|Any CPU
		{20D4C856-6B6B-4936-B77F-F2F866FCA87B}.Debug|Any CPU.ActiveCfg = Debug|Any CPU
		{20D4C856-6B6B-4936-B77F-F2F866FCA87B}.Debug|Any CPU.Build.0 = Debug|Any CPU
		{20D4C856-6B6B-4936-B77F-F2F866FCA87B}.Release|Any CPU.ActiveCfg = Release|Any CPU
		{20D4C856-6B6B-4936-B77F-F2F866FCA87B}.Release|Any CPU.Build.0 = Release|Any CPU
		{DD92C30B-DCAC-4D29-B72D-A2900559AE5B}.Debug|Any CPU.ActiveCfg = Debug|Any CPU
		{DD92C30B-DCAC-4D29-B72D-A2900559AE5B}.Debug|Any CPU.Build.0 = Debug|Any CPU
		{DD92C30B-DCAC-4D29-B72D-A2900559AE5B}.Release|Any CPU.ActiveCfg = Release|Any CPU
		{DD92C30B-DCAC-4D29-B72D-A2900559AE5B}.Release|Any CPU.Build.0 = Release|Any CPU
		{45F330DA-86D8-4D10-8298-9846DF524514}.Debug|Any CPU.ActiveCfg = Debug|Any CPU
		{45F330DA-86D8-4D10-8298-9846DF524514}.Debug|Any CPU.Build.0 = Debug|Any CPU
		{45F330DA-86D8-4D10-8298-9846DF524514}.Release|Any CPU.ActiveCfg = Release|Any CPU
		{45F330DA-86D8-4D10-8298-9846DF524514}.Release|Any CPU.Build.0 = Release|Any CPU
	EndGlobalSection
	GlobalSection(SolutionProperties) = preSolution
		HideSolutionNode = FALSE
	EndGlobalSection
	GlobalSection(ExtensibilityGlobals) = postSolution
		SolutionGuid = {82F4DAE7-B077-4E64-B63C-DDBD16ECF286}
	EndGlobalSection
EndGlobal
