
Microsoft Visual Studio Solution File, Format Version 12.00
# Visual Studio Version 17
VisualStudioVersion = 17.11.35303.130
MinimumVisualStudioVersion = 10.0.40219.1
Project("{9A19103F-16F7-4668-BE54-9A1E7A4F7556}") = "NoteBook", "NoteBook\NoteBook.csproj", "{31E6E469-824C-4951-B333-AA52C17B021B}"
EndProject
Project("{9A19103F-16F7-4668-BE54-9A1E7A4F7556}") = "Logic", "Logic\Logic.csproj", "{44A16E9F-CD7A-40AE-B943-6F719AB9ED65}"
EndProject
Project("{9A19103F-16F7-4668-BE54-9A1E7A4F7556}") = "TestLogic", "TestProject1\TestLogic.csproj", "{675036D5-6F47-45C1-9690-4B6C5ECDE9DD}"
EndProject
Project("{FAE04EC0-301F-11D3-BF4B-00C04F79EFBC}") = "Storage", "Storage\Storage.csproj", "{FB01308F-71B2-42A1-A8B2-086B0ADD3F6A}"
EndProject
Global
	GlobalSection(SolutionConfigurationPlatforms) = preSolution
		Debug|Any CPU = Debug|Any CPU
		Release|Any CPU = Release|Any CPU
	EndGlobalSection
	GlobalSection(ProjectConfigurationPlatforms) = postSolution
		{31E6E469-824C-4951-B333-AA52C17B021B}.Debug|Any CPU.ActiveCfg = Debug|Any CPU
		{31E6E469-824C-4951-B333-AA52C17B021B}.Debug|Any CPU.Build.0 = Debug|Any CPU
		{31E6E469-824C-4951-B333-AA52C17B021B}.Release|Any CPU.ActiveCfg = Release|Any CPU
		{31E6E469-824C-4951-B333-AA52C17B021B}.Release|Any CPU.Build.0 = Release|Any CPU
		{44A16E9F-CD7A-40AE-B943-6F719AB9ED65}.Debug|Any CPU.ActiveCfg = Debug|Any CPU
		{44A16E9F-CD7A-40AE-B943-6F719AB9ED65}.Debug|Any CPU.Build.0 = Debug|Any CPU
		{44A16E9F-CD7A-40AE-B943-6F719AB9ED65}.Release|Any CPU.ActiveCfg = Release|Any CPU
		{44A16E9F-CD7A-40AE-B943-6F719AB9ED65}.Release|Any CPU.Build.0 = Release|Any CPU
		{675036D5-6F47-45C1-9690-4B6C5ECDE9DD}.Debug|Any CPU.ActiveCfg = Debug|Any CPU
		{675036D5-6F47-45C1-9690-4B6C5ECDE9DD}.Debug|Any CPU.Build.0 = Debug|Any CPU
		{675036D5-6F47-45C1-9690-4B6C5ECDE9DD}.Release|Any CPU.ActiveCfg = Release|Any CPU
		{675036D5-6F47-45C1-9690-4B6C5ECDE9DD}.Release|Any CPU.Build.0 = Release|Any CPU
		{FB01308F-71B2-42A1-A8B2-086B0ADD3F6A}.Debug|Any CPU.ActiveCfg = Debug|Any CPU
		{FB01308F-71B2-42A1-A8B2-086B0ADD3F6A}.Debug|Any CPU.Build.0 = Debug|Any CPU
		{FB01308F-71B2-42A1-A8B2-086B0ADD3F6A}.Release|Any CPU.ActiveCfg = Release|Any CPU
		{FB01308F-71B2-42A1-A8B2-086B0ADD3F6A}.Release|Any CPU.Build.0 = Release|Any CPU
	EndGlobalSection
	GlobalSection(SolutionProperties) = preSolution
		HideSolutionNode = FALSE
	EndGlobalSection
	GlobalSection(ExtensibilityGlobals) = postSolution
		SolutionGuid = {995F6B1F-784A-4747-B631-6E076038F472}
	EndGlobalSection
EndGlobal
